packages:
  - local: ../
  - package: fivetran/google_ads
    version: 0.11.0
  - package: fivetran/fivetran_utils
    version: 0.4.10
  - package: dbt-labs/dbt_utils
    version: 1.2.0
  - package: fivetran/google_ads_source
    version: 0.11.0
  - package: dbt-labs/spark_utils
    version: 0.3.0
sha1_hash: 687726426e4be9e7cd1b91353b948d74c26a6aed
