packages:
  - package: fivetran/fivetran_utils
    version: 0.4.10
  - package: dbt-labs/dbt_utils
    version: 1.2.0
  - package: fivetran/facebook_ads
    version: 0.7.2
  - package: fivetran/facebook_ads_source
    version: 0.7.4
  - package: dbt-labs/spark_utils
    version: 0.3.0
sha1_hash: fd9f17cc29ae982653150b42784d8951e5a8ca1f
