packages:
  - local: ../
  - package: fivetran/jira
    version: 0.17.0
  - package: fivetran/jira_source
    version: 0.7.0
  - package: fivetran/fivetran_utils
    version: 0.4.10
  - package: dbt-labs/spark_utils
    version: 0.3.0
  - package: dbt-labs/dbt_utils
    version: 1.3.0
sha1_hash: b216f815347320cdcdf10fdbf54ef51e49b42e2a
